
Microsoft Visual Studio Solution File, Format Version 12.00
# Visual Studio Version 16
VisualStudioVersion = 16.0.31129.286
MinimumVisualStudioVersion = 10.0.40219.1
Project("{FAE04EC0-301F-11D3-BF4B-00C04F79EFBC}") = "Muplay 1.4.2", "Muplay 1.4.2\Muplay 1.4.2.csproj", "{4DB1EAEC-A041-411B-92C5-9D098D79C82E}"
EndProject
Global
	GlobalSection(SolutionConfigurationPlatforms) = preSolution
		Debug|Any CPU = Debug|Any CPU
		Release|Any CPU = Release|Any CPU
	EndGlobalSection
	GlobalSection(ProjectConfigurationPlatforms) = postSolution
		{4DB1EAEC-A041-411B-92C5-9D098D79C82E}.Debug|Any CPU.ActiveCfg = Debug|Any CPU
		{4DB1EAEC-A041-411B-92C5-9D098D79C82E}.Debug|Any CPU.Build.0 = Debug|Any CPU
		{4DB1EAEC-A041-411B-92C5-9D098D79C82E}.Release|Any CPU.ActiveCfg = Release|Any CPU
		{4DB1EAEC-A041-411B-92C5-9D098D79C82E}.Release|Any CPU.Build.0 = Release|Any CPU
	EndGlobalSection
	GlobalSection(SolutionProperties) = preSolution
		HideSolutionNode = FALSE
	EndGlobalSection
	GlobalSection(ExtensibilityGlobals) = postSolution
		SolutionGuid = {AB9DF655-8ABB-4A26-840C-A2D19E3FE6D4}
	EndGlobalSection
EndGlobal
